// !$*UTF8*$!
{
	archiveVersion = 1;
	classes = {
	};
	objectVersion = 55;
	objects = {

/* Begin PBXBuildFile section */
		1DE0CC3F210C48B92CB83601 /* Pods_Carvide_CarvideUITests.framework in Frameworks */ = {isa = PBXBuildFile; fileRef = D0E86DC512762E7A91883ACB /* Pods_Carvide_CarvideUITests.framework */; };
		640E9A7928AB520B009255C0 /* CreateCurveView.swift in Sources */ = {isa = PBXBuildFile; fileRef = 640E9A7828AB520B009255C0 /* CreateCurveView.swift */; };
		6437C09A28AA24EF00B7F29F /* ContentView.swift in Sources */ = {isa = PBXBuildFile; fileRef = 6437C09928AA24EF00B7F29F /* ContentView.swift */; };
		6437C09C28AA2A6600B7F29F /* RequestListView.swift in Sources */ = {isa = PBXBuildFile; fileRef = 6437C09B28AA2A6600B7F29F /* RequestListView.swift */; };
		6437C09E28AA2B5B00B7F29F /* ResultListData.swift in Sources */ = {isa = PBXBuildFile; fileRef = 6437C09D28AA2B5B00B7F29F /* ResultListData.swift */; };
		6437C0A028AA2CB300B7F29F /* PaginationData.swift in Sources */ = {isa = PBXBuildFile; fileRef = 6437C09F28AA2CB300B7F29F /* PaginationData.swift */; };
		6496719328A784E0000785B6 /* MessageData.swift in Sources */ = {isa = PBXBuildFile; fileRef = 6496719228A784E0000785B6 /* MessageData.swift */; };
		6496719628A7E847000785B6 /* EmonotateAPIClient.swift in Sources */ = {isa = PBXBuildFile; fileRef = 6496719528A7E846000785B6 /* EmonotateAPIClient.swift */; };
		6498F87528A9482A00CDF0A8 /* EmonotateModel.swift in Sources */ = {isa = PBXBuildFile; fileRef = 6498F87428A9482A00CDF0A8 /* EmonotateModel.swift */; };
		6498F87828A94A8A00CDF0A8 /* LoginViewController.swift in Sources */ = {isa = PBXBuildFile; fileRef = 6498F87728A94A8A00CDF0A8 /* LoginViewController.swift */; };
		6498F87A28A9832E00CDF0A8 /* ProfileView.swift in Sources */ = {isa = PBXBuildFile; fileRef = 6498F87928A9832E00CDF0A8 /* ProfileView.swift */; };
		649F763A28A733DF003CA6DC /* CarvideApp.swift in Sources */ = {isa = PBXBuildFile; fileRef = 649F763928A733DF003CA6DC /* CarvideApp.swift */; };
		649F763C28A733DF003CA6DC /* LoginView.swift in Sources */ = {isa = PBXBuildFile; fileRef = 649F763B28A733DF003CA6DC /* LoginView.swift */; };
		649F763E28A733E1003CA6DC /* Assets.xcassets in Resources */ = {isa = PBXBuildFile; fileRef = 649F763D28A733E1003CA6DC /* Assets.xcassets */; };
		649F764128A733E1003CA6DC /* Preview Assets.xcassets in Resources */ = {isa = PBXBuildFile; fileRef = 649F764028A733E1003CA6DC /* Preview Assets.xcassets */; };
		649F764B28A733E1003CA6DC /* CarvideTests.swift in Sources */ = {isa = PBXBuildFile; fileRef = 649F764A28A733E1003CA6DC /* CarvideTests.swift */; };
		649F765528A733E1003CA6DC /* CarvideUITests.swift in Sources */ = {isa = PBXBuildFile; fileRef = 649F765428A733E1003CA6DC /* CarvideUITests.swift */; };
		649F765728A733E1003CA6DC /* CarvideUITestsLaunchTests.swift in Sources */ = {isa = PBXBuildFile; fileRef = 649F765628A733E1003CA6DC /* CarvideUITestsLaunchTests.swift */; };
		649F766428A7349D003CA6DC /* UserData.swift in Sources */ = {isa = PBXBuildFile; fileRef = 649F766328A7349D003CA6DC /* UserData.swift */; };
		649F766728A735D3003CA6DC /* ContentData.swift in Sources */ = {isa = PBXBuildFile; fileRef = 649F766628A735D3003CA6DC /* ContentData.swift */; };
		649F766928A7365E003CA6DC /* ValueTypeData.swift in Sources */ = {isa = PBXBuildFile; fileRef = 649F766828A7365E003CA6DC /* ValueTypeData.swift */; };
		64EB783F28A73A110043109F /* RequestData.swift in Sources */ = {isa = PBXBuildFile; fileRef = 64EB783E28A73A110043109F /* RequestData.swift */; };
		64EB784128A73AE20043109F /* PointData.swift in Sources */ = {isa = PBXBuildFile; fileRef = 64EB784028A73AE20043109F /* PointData.swift */; };
		64EB784328A73B4F0043109F /* CurveData.swift in Sources */ = {isa = PBXBuildFile; fileRef = 64EB784228A73B4F0043109F /* CurveData.swift */; };
		64F5E13D28ADDDA700033654 /* CurveVideoPlayer.swift in Sources */ = {isa = PBXBuildFile; fileRef = 64F5E13C28ADDDA700033654 /* CurveVideoPlayer.swift */; };
		64F5E13F28ADE37900033654 /* YoutubePlayerView.swift in Sources */ = {isa = PBXBuildFile; fileRef = 64F5E13E28ADE37900033654 /* YoutubePlayerView.swift */; };
		64F5E14228ADEE3200033654 /* player.html in Resources */ = {isa = PBXBuildFile; fileRef = 64F5E14128ADEB8100033654 /* player.html */; };
		64F5E14528AE0F0500033654 /* CurveInputView.swift in Sources */ = {isa = PBXBuildFile; fileRef = 64F5E14428AE0F0500033654 /* CurveInputView.swift */; };
		C4DA7EAA36FC2F689A94DDA2 /* Pods_Carvide.framework in Frameworks */ = {isa = PBXBuildFile; fileRef = E25809682CAF01C55603403E /* Pods_Carvide.framework */; };
		FA9A943F988D3EDDB60BCAF8 /* Pods_CarvideTests.framework in Frameworks */ = {isa = PBXBuildFile; fileRef = 758403B4BCC616D5091C9F2E /* Pods_CarvideTests.framework */; };
/* End PBXBuildFile section */

/* Begin PBXContainerItemProxy section */
		649F764728A733E1003CA6DC /* PBXContainerItemProxy */ = {
			isa = PBXContainerItemProxy;
			containerPortal = 649F762E28A733DF003CA6DC /* Project object */;
			proxyType = 1;
			remoteGlobalIDString = 649F763528A733DF003CA6DC;
			remoteInfo = Carvide;
		};
		649F765128A733E1003CA6DC /* PBXContainerItemProxy */ = {
			isa = PBXContainerItemProxy;
			containerPortal = 649F762E28A733DF003CA6DC /* Project object */;
			proxyType = 1;
			remoteGlobalIDString = 649F763528A733DF003CA6DC;
			remoteInfo = Carvide;
		};
/* End PBXContainerItemProxy section */

/* Begin PBXFileReference section */
		27566E3983AF482A6DFD65E0 /* Pods-Carvide.debug.xcconfig */ = {isa = PBXFileReference; includeInIndex = 1; lastKnownFileType = text.xcconfig; name = "Pods-Carvide.debug.xcconfig"; path = "Target Support Files/Pods-Carvide/Pods-Carvide.debug.xcconfig"; sourceTree = "<group>"; };
		5E736E1FE48BB80DA78210EB /* Pods-Carvide-CarvideUITests.debug.xcconfig */ = {isa = PBXFileReference; includeInIndex = 1; lastKnownFileType = text.xcconfig; name = "Pods-Carvide-CarvideUITests.debug.xcconfig"; path = "Target Support Files/Pods-Carvide-CarvideUITests/Pods-Carvide-CarvideUITests.debug.xcconfig"; sourceTree = "<group>"; };
		640E9A7828AB520B009255C0 /* CreateCurveView.swift */ = {isa = PBXFileReference; lastKnownFileType = sourcecode.swift; path = CreateCurveView.swift; sourceTree = "<group>"; };
		6437C09928AA24EF00B7F29F /* ContentView.swift */ = {isa = PBXFileReference; lastKnownFileType = sourcecode.swift; path = ContentView.swift; sourceTree = "<group>"; };
		6437C09B28AA2A6600B7F29F /* RequestListView.swift */ = {isa = PBXFileReference; lastKnownFileType = sourcecode.swift; path = RequestListView.swift; sourceTree = "<group>"; };
		6437C09D28AA2B5B00B7F29F /* ResultListData.swift */ = {isa = PBXFileReference; lastKnownFileType = sourcecode.swift; path = ResultListData.swift; sourceTree = "<group>"; };
		6437C09F28AA2CB300B7F29F /* PaginationData.swift */ = {isa = PBXFileReference; lastKnownFileType = sourcecode.swift; path = PaginationData.swift; sourceTree = "<group>"; };
		6496719228A784E0000785B6 /* MessageData.swift */ = {isa = PBXFileReference; lastKnownFileType = sourcecode.swift; path = MessageData.swift; sourceTree = "<group>"; };
		6496719528A7E846000785B6 /* EmonotateAPIClient.swift */ = {isa = PBXFileReference; lastKnownFileType = sourcecode.swift; path = EmonotateAPIClient.swift; sourceTree = "<group>"; };
		6498F87428A9482A00CDF0A8 /* EmonotateModel.swift */ = {isa = PBXFileReference; lastKnownFileType = sourcecode.swift; path = EmonotateModel.swift; sourceTree = "<group>"; };
		6498F87728A94A8A00CDF0A8 /* LoginViewController.swift */ = {isa = PBXFileReference; lastKnownFileType = sourcecode.swift; path = LoginViewController.swift; sourceTree = "<group>"; };
		6498F87928A9832E00CDF0A8 /* ProfileView.swift */ = {isa = PBXFileReference; lastKnownFileType = sourcecode.swift; path = ProfileView.swift; sourceTree = "<group>"; };
		649F763628A733DF003CA6DC /* Carvide.app */ = {isa = PBXFileReference; explicitFileType = wrapper.application; includeInIndex = 0; path = Carvide.app; sourceTree = BUILT_PRODUCTS_DIR; };
		649F763928A733DF003CA6DC /* CarvideApp.swift */ = {isa = PBXFileReference; lastKnownFileType = sourcecode.swift; path = CarvideApp.swift; sourceTree = "<group>"; };
		649F763B28A733DF003CA6DC /* LoginView.swift */ = {isa = PBXFileReference; lastKnownFileType = sourcecode.swift; path = LoginView.swift; sourceTree = "<group>"; };
		649F763D28A733E1003CA6DC /* Assets.xcassets */ = {isa = PBXFileReference; lastKnownFileType = folder.assetcatalog; path = Assets.xcassets; sourceTree = "<group>"; };
		649F764028A733E1003CA6DC /* Preview Assets.xcassets */ = {isa = PBXFileReference; lastKnownFileType = folder.assetcatalog; path = "Preview Assets.xcassets"; sourceTree = "<group>"; };
		649F764628A733E1003CA6DC /* CarvideTests.xctest */ = {isa = PBXFileReference; explicitFileType = wrapper.cfbundle; includeInIndex = 0; path = CarvideTests.xctest; sourceTree = BUILT_PRODUCTS_DIR; };
		649F764A28A733E1003CA6DC /* CarvideTests.swift */ = {isa = PBXFileReference; lastKnownFileType = sourcecode.swift; path = CarvideTests.swift; sourceTree = "<group>"; };
		649F765028A733E1003CA6DC /* CarvideUITests.xctest */ = {isa = PBXFileReference; explicitFileType = wrapper.cfbundle; includeInIndex = 0; path = CarvideUITests.xctest; sourceTree = BUILT_PRODUCTS_DIR; };
		649F765428A733E1003CA6DC /* CarvideUITests.swift */ = {isa = PBXFileReference; lastKnownFileType = sourcecode.swift; path = CarvideUITests.swift; sourceTree = "<group>"; };
		649F765628A733E1003CA6DC /* CarvideUITestsLaunchTests.swift */ = {isa = PBXFileReference; lastKnownFileType = sourcecode.swift; path = CarvideUITestsLaunchTests.swift; sourceTree = "<group>"; };
		649F766328A7349D003CA6DC /* UserData.swift */ = {isa = PBXFileReference; lastKnownFileType = sourcecode.swift; path = UserData.swift; sourceTree = "<group>"; };
		649F766628A735D3003CA6DC /* ContentData.swift */ = {isa = PBXFileReference; lastKnownFileType = sourcecode.swift; path = ContentData.swift; sourceTree = "<group>"; };
		649F766828A7365E003CA6DC /* ValueTypeData.swift */ = {isa = PBXFileReference; lastKnownFileType = sourcecode.swift; path = ValueTypeData.swift; sourceTree = "<group>"; };
		64EB783E28A73A110043109F /* RequestData.swift */ = {isa = PBXFileReference; lastKnownFileType = sourcecode.swift; path = RequestData.swift; sourceTree = "<group>"; };
		64EB784028A73AE20043109F /* PointData.swift */ = {isa = PBXFileReference; lastKnownFileType = sourcecode.swift; path = PointData.swift; sourceTree = "<group>"; };
		64EB784228A73B4F0043109F /* CurveData.swift */ = {isa = PBXFileReference; lastKnownFileType = sourcecode.swift; path = CurveData.swift; sourceTree = "<group>"; };
		64F5E13C28ADDDA700033654 /* CurveVideoPlayer.swift */ = {isa = PBXFileReference; lastKnownFileType = sourcecode.swift; path = CurveVideoPlayer.swift; sourceTree = "<group>"; };
		64F5E13E28ADE37900033654 /* YoutubePlayerView.swift */ = {isa = PBXFileReference; lastKnownFileType = sourcecode.swift; path = YoutubePlayerView.swift; sourceTree = "<group>"; };
		64F5E14128ADEB8100033654 /* player.html */ = {isa = PBXFileReference; lastKnownFileType = text.html; path = player.html; sourceTree = "<group>"; };
		64F5E14328AE075900033654 /* Info.plist */ = {isa = PBXFileReference; lastKnownFileType = text.plist; path = Info.plist; sourceTree = "<group>"; };
		64F5E14428AE0F0500033654 /* CurveInputView.swift */ = {isa = PBXFileReference; lastKnownFileType = sourcecode.swift; path = CurveInputView.swift; sourceTree = "<group>"; };
		758403B4BCC616D5091C9F2E /* Pods_CarvideTests.framework */ = {isa = PBXFileReference; explicitFileType = wrapper.framework; includeInIndex = 0; path = Pods_CarvideTests.framework; sourceTree = BUILT_PRODUCTS_DIR; };
		947209C8CA8D99A5BF73456D /* Pods-CarvideTests.release.xcconfig */ = {isa = PBXFileReference; includeInIndex = 1; lastKnownFileType = text.xcconfig; name = "Pods-CarvideTests.release.xcconfig"; path = "Target Support Files/Pods-CarvideTests/Pods-CarvideTests.release.xcconfig"; sourceTree = "<group>"; };
		C716A7F5397C1FDD0274D586 /* Pods-Carvide.release.xcconfig */ = {isa = PBXFileReference; includeInIndex = 1; lastKnownFileType = text.xcconfig; name = "Pods-Carvide.release.xcconfig"; path = "Target Support Files/Pods-Carvide/Pods-Carvide.release.xcconfig"; sourceTree = "<group>"; };
		D0E86DC512762E7A91883ACB /* Pods_Carvide_CarvideUITests.framework */ = {isa = PBXFileReference; explicitFileType = wrapper.framework; includeInIndex = 0; path = Pods_Carvide_CarvideUITests.framework; sourceTree = BUILT_PRODUCTS_DIR; };
		D35BB6FEA06C6787FD4D1632 /* Pods-Carvide-CarvideUITests.release.xcconfig */ = {isa = PBXFileReference; includeInIndex = 1; lastKnownFileType = text.xcconfig; name = "Pods-Carvide-CarvideUITests.release.xcconfig"; path = "Target Support Files/Pods-Carvide-CarvideUITests/Pods-Carvide-CarvideUITests.release.xcconfig"; sourceTree = "<group>"; };
		E25809682CAF01C55603403E /* Pods_Carvide.framework */ = {isa = PBXFileReference; explicitFileType = wrapper.framework; includeInIndex = 0; path = Pods_Carvide.framework; sourceTree = BUILT_PRODUCTS_DIR; };
		ED76D3F42248FC88B2ECDC3A /* Pods-CarvideTests.debug.xcconfig */ = {isa = PBXFileReference; includeInIndex = 1; lastKnownFileType = text.xcconfig; name = "Pods-CarvideTests.debug.xcconfig"; path = "Target Support Files/Pods-CarvideTests/Pods-CarvideTests.debug.xcconfig"; sourceTree = "<group>"; };
/* End PBXFileReference section */

/* Begin PBXFrameworksBuildPhase section */
		649F763328A733DF003CA6DC /* Frameworks */ = {
			isa = PBXFrameworksBuildPhase;
			buildActionMask = 2147483647;
			files = (
				C4DA7EAA36FC2F689A94DDA2 /* Pods_Carvide.framework in Frameworks */,
			);
			runOnlyForDeploymentPostprocessing = 0;
		};
		649F764328A733E1003CA6DC /* Frameworks */ = {
			isa = PBXFrameworksBuildPhase;
			buildActionMask = 2147483647;
			files = (
				FA9A943F988D3EDDB60BCAF8 /* Pods_CarvideTests.framework in Frameworks */,
			);
			runOnlyForDeploymentPostprocessing = 0;
		};
		649F764D28A733E1003CA6DC /* Frameworks */ = {
			isa = PBXFrameworksBuildPhase;
			buildActionMask = 2147483647;
			files = (
				1DE0CC3F210C48B92CB83601 /* Pods_Carvide_CarvideUITests.framework in Frameworks */,
			);
			runOnlyForDeploymentPostprocessing = 0;
		};
/* End PBXFrameworksBuildPhase section */

/* Begin PBXGroup section */
		3CC321F181DED06B737BF4C4 /* Pods */ = {
			isa = PBXGroup;
			children = (
				27566E3983AF482A6DFD65E0 /* Pods-Carvide.debug.xcconfig */,
				C716A7F5397C1FDD0274D586 /* Pods-Carvide.release.xcconfig */,
				5E736E1FE48BB80DA78210EB /* Pods-Carvide-CarvideUITests.debug.xcconfig */,
				D35BB6FEA06C6787FD4D1632 /* Pods-Carvide-CarvideUITests.release.xcconfig */,
				ED76D3F42248FC88B2ECDC3A /* Pods-CarvideTests.debug.xcconfig */,
				947209C8CA8D99A5BF73456D /* Pods-CarvideTests.release.xcconfig */,
			);
			path = Pods;
			sourceTree = "<group>";
		};
		6496719428A7E835000785B6 /* Network */ = {
			isa = PBXGroup;
			children = (
				6496719528A7E846000785B6 /* EmonotateAPIClient.swift */,
			);
			path = Network;
			sourceTree = "<group>";
		};
		6498F87228A9474800CDF0A8 /* Models */ = {
			isa = PBXGroup;
			children = (
				6498F87428A9482A00CDF0A8 /* EmonotateModel.swift */,
			);
			path = Models;
			sourceTree = "<group>";
		};
		6498F87328A9475000CDF0A8 /* Views */ = {
			isa = PBXGroup;
			children = (
				649F763B28A733DF003CA6DC /* LoginView.swift */,
				6498F87928A9832E00CDF0A8 /* ProfileView.swift */,
				6437C09928AA24EF00B7F29F /* ContentView.swift */,
				6437C09B28AA2A6600B7F29F /* RequestListView.swift */,
				640E9A7828AB520B009255C0 /* CreateCurveView.swift */,
				64F5E13C28ADDDA700033654 /* CurveVideoPlayer.swift */,
				64F5E13E28ADE37900033654 /* YoutubePlayerView.swift */,
				64F5E14428AE0F0500033654 /* CurveInputView.swift */,
			);
			path = Views;
			sourceTree = "<group>";
		};
		6498F87628A94A7000CDF0A8 /* Controllers */ = {
			isa = PBXGroup;
			children = (
				6498F87728A94A8A00CDF0A8 /* LoginViewController.swift */,
			);
			path = Controllers;
			sourceTree = "<group>";
		};
		649F762D28A733DF003CA6DC = {
			isa = PBXGroup;
			children = (
				649F763828A733DF003CA6DC /* Carvide */,
				649F764928A733E1003CA6DC /* CarvideTests */,
				649F765328A733E1003CA6DC /* CarvideUITests */,
				649F763728A733DF003CA6DC /* Products */,
				3CC321F181DED06B737BF4C4 /* Pods */,
				F0B39898D2875C128B56FC9B /* Frameworks */,
			);
			sourceTree = "<group>";
		};
		649F763728A733DF003CA6DC /* Products */ = {
			isa = PBXGroup;
			children = (
				649F763628A733DF003CA6DC /* Carvide.app */,
				649F764628A733E1003CA6DC /* CarvideTests.xctest */,
				649F765028A733E1003CA6DC /* CarvideUITests.xctest */,
			);
			name = Products;
			sourceTree = "<group>";
		};
		649F763828A733DF003CA6DC /* Carvide */ = {
			isa = PBXGroup;
			children = (
				64F5E14328AE075900033654 /* Info.plist */,
				64F5E14128ADEB8100033654 /* player.html */,
				6498F87628A94A7000CDF0A8 /* Controllers */,
				6498F87328A9475000CDF0A8 /* Views */,
				6498F87228A9474800CDF0A8 /* Models */,
				6496719428A7E835000785B6 /* Network */,
				649F766528A734AA003CA6DC /* Data */,
				649F763928A733DF003CA6DC /* CarvideApp.swift */,
				649F763D28A733E1003CA6DC /* Assets.xcassets */,
				649F763F28A733E1003CA6DC /* Preview Content */,
			);
			path = Carvide;
			sourceTree = "<group>";
		};
		649F763F28A733E1003CA6DC /* Preview Content */ = {
			isa = PBXGroup;
			children = (
				649F764028A733E1003CA6DC /* Preview Assets.xcassets */,
			);
			path = "Preview Content";
			sourceTree = "<group>";
		};
		649F764928A733E1003CA6DC /* CarvideTests */ = {
			isa = PBXGroup;
			children = (
				649F764A28A733E1003CA6DC /* CarvideTests.swift */,
			);
			path = CarvideTests;
			sourceTree = "<group>";
		};
		649F765328A733E1003CA6DC /* CarvideUITests */ = {
			isa = PBXGroup;
			children = (
				649F765428A733E1003CA6DC /* CarvideUITests.swift */,
				649F765628A733E1003CA6DC /* CarvideUITestsLaunchTests.swift */,
			);
			path = CarvideUITests;
			sourceTree = "<group>";
		};
		649F766528A734AA003CA6DC /* Data */ = {
			isa = PBXGroup;
			children = (
				649F766328A7349D003CA6DC /* UserData.swift */,
				649F766628A735D3003CA6DC /* ContentData.swift */,
				649F766828A7365E003CA6DC /* ValueTypeData.swift */,
				64EB783E28A73A110043109F /* RequestData.swift */,
				64EB784028A73AE20043109F /* PointData.swift */,
				64EB784228A73B4F0043109F /* CurveData.swift */,
				6496719228A784E0000785B6 /* MessageData.swift */,
				6437C09D28AA2B5B00B7F29F /* ResultListData.swift */,
				6437C09F28AA2CB300B7F29F /* PaginationData.swift */,
			);
			path = Data;
			sourceTree = "<group>";
		};
		F0B39898D2875C128B56FC9B /* Frameworks */ = {
			isa = PBXGroup;
			children = (
				E25809682CAF01C55603403E /* Pods_Carvide.framework */,
				D0E86DC512762E7A91883ACB /* Pods_Carvide_CarvideUITests.framework */,
				758403B4BCC616D5091C9F2E /* Pods_CarvideTests.framework */,
			);
			name = Frameworks;
			sourceTree = "<group>";
		};
/* End PBXGroup section */

/* Begin PBXNativeTarget section */
		649F763528A733DF003CA6DC /* Carvide */ = {
			isa = PBXNativeTarget;
			buildConfigurationList = 649F765A28A733E1003CA6DC /* Build configuration list for PBXNativeTarget "Carvide" */;
			buildPhases = (
				921ED9C0607B46A7CCA75AAD /* [CP] Check Pods Manifest.lock */,
				649F763228A733DF003CA6DC /* Sources */,
				649F763328A733DF003CA6DC /* Frameworks */,
				649F763428A733DF003CA6DC /* Resources */,
				D236F17C93810B8AD4DB1899 /* [CP] Embed Pods Frameworks */,
			);
			buildRules = (
			);
			dependencies = (
			);
			name = Carvide;
			productName = Carvide;
			productReference = 649F763628A733DF003CA6DC /* Carvide.app */;
			productType = "com.apple.product-type.application";
		};
		649F764528A733E1003CA6DC /* CarvideTests */ = {
			isa = PBXNativeTarget;
			buildConfigurationList = 649F765D28A733E1003CA6DC /* Build configuration list for PBXNativeTarget "CarvideTests" */;
			buildPhases = (
				F2C611A4A18E81EEFA634F0D /* [CP] Check Pods Manifest.lock */,
				649F764228A733E1003CA6DC /* Sources */,
				649F764328A733E1003CA6DC /* Frameworks */,
				649F764428A733E1003CA6DC /* Resources */,
			);
			buildRules = (
			);
			dependencies = (
				649F764828A733E1003CA6DC /* PBXTargetDependency */,
			);
			name = CarvideTests;
			productName = CarvideTests;
			productReference = 649F764628A733E1003CA6DC /* CarvideTests.xctest */;
			productType = "com.apple.product-type.bundle.unit-test";
		};
		649F764F28A733E1003CA6DC /* CarvideUITests */ = {
			isa = PBXNativeTarget;
			buildConfigurationList = 649F766028A733E1003CA6DC /* Build configuration list for PBXNativeTarget "CarvideUITests" */;
			buildPhases = (
				08DA510CEFA647C818AD5A2B /* [CP] Check Pods Manifest.lock */,
				649F764C28A733E1003CA6DC /* Sources */,
				649F764D28A733E1003CA6DC /* Frameworks */,
				649F764E28A733E1003CA6DC /* Resources */,
				314284708C67E4FEB4959EED /* [CP] Embed Pods Frameworks */,
			);
			buildRules = (
			);
			dependencies = (
				649F765228A733E1003CA6DC /* PBXTargetDependency */,
			);
			name = CarvideUITests;
			productName = CarvideUITests;
			productReference = 649F765028A733E1003CA6DC /* CarvideUITests.xctest */;
			productType = "com.apple.product-type.bundle.ui-testing";
		};
/* End PBXNativeTarget section */

/* Begin PBXProject section */
		649F762E28A733DF003CA6DC /* Project object */ = {
			isa = PBXProject;
			attributes = {
				BuildIndependentTargetsInParallel = 1;
				LastSwiftUpdateCheck = 1340;
				LastUpgradeCheck = 1340;
				TargetAttributes = {
					649F763528A733DF003CA6DC = {
						CreatedOnToolsVersion = 13.4.1;
					};
					649F764528A733E1003CA6DC = {
						CreatedOnToolsVersion = 13.4.1;
						TestTargetID = 649F763528A733DF003CA6DC;
					};
					649F764F28A733E1003CA6DC = {
						CreatedOnToolsVersion = 13.4.1;
						TestTargetID = 649F763528A733DF003CA6DC;
					};
				};
			};
			buildConfigurationList = 649F763128A733DF003CA6DC /* Build configuration list for PBXProject "Carvide" */;
			compatibilityVersion = "Xcode 13.0";
			developmentRegion = en;
			hasScannedForEncodings = 0;
			knownRegions = (
				en,
				Base,
			);
			mainGroup = 649F762D28A733DF003CA6DC;
			productRefGroup = 649F763728A733DF003CA6DC /* Products */;
			projectDirPath = "";
			projectRoot = "";
			targets = (
				649F763528A733DF003CA6DC /* Carvide */,
				649F764528A733E1003CA6DC /* CarvideTests */,
				649F764F28A733E1003CA6DC /* CarvideUITests */,
			);
		};
/* End PBXProject section */

/* Begin PBXResourcesBuildPhase section */
		649F763428A733DF003CA6DC /* Resources */ = {
			isa = PBXResourcesBuildPhase;
			buildActionMask = 2147483647;
			files = (
				649F764128A733E1003CA6DC /* Preview Assets.xcassets in Resources */,
				649F763E28A733E1003CA6DC /* Assets.xcassets in Resources */,
				64F5E14228ADEE3200033654 /* player.html in Resources */,
			);
			runOnlyForDeploymentPostprocessing = 0;
		};
		649F764428A733E1003CA6DC /* Resources */ = {
			isa = PBXResourcesBuildPhase;
			buildActionMask = 2147483647;
			files = (
			);
			runOnlyForDeploymentPostprocessing = 0;
		};
		649F764E28A733E1003CA6DC /* Resources */ = {
			isa = PBXResourcesBuildPhase;
			buildActionMask = 2147483647;
			files = (
			);
			runOnlyForDeploymentPostprocessing = 0;
		};
/* End PBXResourcesBuildPhase section */

/* Begin PBXShellScriptBuildPhase section */
		08DA510CEFA647C818AD5A2B /* [CP] Check Pods Manifest.lock */ = {
			isa = PBXShellScriptBuildPhase;
			buildActionMask = 2147483647;
			files = (
			);
			inputFileListPaths = (
			);
			inputPaths = (
				"${PODS_PODFILE_DIR_PATH}/Podfile.lock",
				"${PODS_ROOT}/Manifest.lock",
			);
			name = "[CP] Check Pods Manifest.lock";
			outputFileListPaths = (
			);
			outputPaths = (
				"$(DERIVED_FILE_DIR)/Pods-Carvide-CarvideUITests-checkManifestLockResult.txt",
			);
			runOnlyForDeploymentPostprocessing = 0;
			shellPath = /bin/sh;
			shellScript = "diff \"${PODS_PODFILE_DIR_PATH}/Podfile.lock\" \"${PODS_ROOT}/Manifest.lock\" > /dev/null\nif [ $? != 0 ] ; then\n    # print error to STDERR\n    echo \"error: The sandbox is not in sync with the Podfile.lock. Run 'pod install' or update your CocoaPods installation.\" >&2\n    exit 1\nfi\n# This output is used by Xcode 'outputs' to avoid re-running this script phase.\necho \"SUCCESS\" > \"${SCRIPT_OUTPUT_FILE_0}\"\n";
			showEnvVarsInLog = 0;
		};
		314284708C67E4FEB4959EED /* [CP] Embed Pods Frameworks */ = {
			isa = PBXShellScriptBuildPhase;
			buildActionMask = 2147483647;
			files = (
			);
			inputFileListPaths = (
				"${PODS_ROOT}/Target Support Files/Pods-Carvide-CarvideUITests/Pods-Carvide-CarvideUITests-frameworks-${CONFIGURATION}-input-files.xcfilelist",
			);
			name = "[CP] Embed Pods Frameworks";
			outputFileListPaths = (
				"${PODS_ROOT}/Target Support Files/Pods-Carvide-CarvideUITests/Pods-Carvide-CarvideUITests-frameworks-${CONFIGURATION}-output-files.xcfilelist",
			);
			runOnlyForDeploymentPostprocessing = 0;
			shellPath = /bin/sh;
			shellScript = "\"${PODS_ROOT}/Target Support Files/Pods-Carvide-CarvideUITests/Pods-Carvide-CarvideUITests-frameworks.sh\"\n";
			showEnvVarsInLog = 0;
		};
		921ED9C0607B46A7CCA75AAD /* [CP] Check Pods Manifest.lock */ = {
			isa = PBXShellScriptBuildPhase;
			buildActionMask = 2147483647;
			files = (
			);
			inputFileListPaths = (
			);
			inputPaths = (
				"${PODS_PODFILE_DIR_PATH}/Podfile.lock",
				"${PODS_ROOT}/Manifest.lock",
			);
			name = "[CP] Check Pods Manifest.lock";
			outputFileListPaths = (
			);
			outputPaths = (
				"$(DERIVED_FILE_DIR)/Pods-Carvide-checkManifestLockResult.txt",
			);
			runOnlyForDeploymentPostprocessing = 0;
			shellPath = /bin/sh;
			shellScript = "diff \"${PODS_PODFILE_DIR_PATH}/Podfile.lock\" \"${PODS_ROOT}/Manifest.lock\" > /dev/null\nif [ $? != 0 ] ; then\n    # print error to STDERR\n    echo \"error: The sandbox is not in sync with the Podfile.lock. Run 'pod install' or update your CocoaPods installation.\" >&2\n    exit 1\nfi\n# This output is used by Xcode 'outputs' to avoid re-running this script phase.\necho \"SUCCESS\" > \"${SCRIPT_OUTPUT_FILE_0}\"\n";
			showEnvVarsInLog = 0;
		};
		D236F17C93810B8AD4DB1899 /* [CP] Embed Pods Frameworks */ = {
			isa = PBXShellScriptBuildPhase;
			buildActionMask = 2147483647;
			files = (
			);
			inputFileListPaths = (
				"${PODS_ROOT}/Target Support Files/Pods-Carvide/Pods-Carvide-frameworks-${CONFIGURATION}-input-files.xcfilelist",
			);
			name = "[CP] Embed Pods Frameworks";
			outputFileListPaths = (
				"${PODS_ROOT}/Target Support Files/Pods-Carvide/Pods-Carvide-frameworks-${CONFIGURATION}-output-files.xcfilelist",
			);
			runOnlyForDeploymentPostprocessing = 0;
			shellPath = /bin/sh;
			shellScript = "\"${PODS_ROOT}/Target Support Files/Pods-Carvide/Pods-Carvide-frameworks.sh\"\n";
			showEnvVarsInLog = 0;
		};
		F2C611A4A18E81EEFA634F0D /* [CP] Check Pods Manifest.lock */ = {
			isa = PBXShellScriptBuildPhase;
			buildActionMask = 2147483647;
			files = (
			);
			inputFileListPaths = (
			);
			inputPaths = (
				"${PODS_PODFILE_DIR_PATH}/Podfile.lock",
				"${PODS_ROOT}/Manifest.lock",
			);
			name = "[CP] Check Pods Manifest.lock";
			outputFileListPaths = (
			);
			outputPaths = (
				"$(DERIVED_FILE_DIR)/Pods-CarvideTests-checkManifestLockResult.txt",
			);
			runOnlyForDeploymentPostprocessing = 0;
			shellPath = /bin/sh;
			shellScript = "diff \"${PODS_PODFILE_DIR_PATH}/Podfile.lock\" \"${PODS_ROOT}/Manifest.lock\" > /dev/null\nif [ $? != 0 ] ; then\n    # print error to STDERR\n    echo \"error: The sandbox is not in sync with the Podfile.lock. Run 'pod install' or update your CocoaPods installation.\" >&2\n    exit 1\nfi\n# This output is used by Xcode 'outputs' to avoid re-running this script phase.\necho \"SUCCESS\" > \"${SCRIPT_OUTPUT_FILE_0}\"\n";
			showEnvVarsInLog = 0;
		};
/* End PBXShellScriptBuildPhase section */

/* Begin PBXSourcesBuildPhase section */
		649F763228A733DF003CA6DC /* Sources */ = {
			isa = PBXSourcesBuildPhase;
			buildActionMask = 2147483647;
			files = (
				64F5E13D28ADDDA700033654 /* CurveVideoPlayer.swift in Sources */,
				640E9A7928AB520B009255C0 /* CreateCurveView.swift in Sources */,
				6498F87828A94A8A00CDF0A8 /* LoginViewController.swift in Sources */,
				6498F87A28A9832E00CDF0A8 /* ProfileView.swift in Sources */,
				6437C09A28AA24EF00B7F29F /* ContentView.swift in Sources */,
				6498F87528A9482A00CDF0A8 /* EmonotateModel.swift in Sources */,
				6437C09E28AA2B5B00B7F29F /* ResultListData.swift in Sources */,
				649F766428A7349D003CA6DC /* UserData.swift in Sources */,
				6437C09C28AA2A6600B7F29F /* RequestListView.swift in Sources */,
				64EB784328A73B4F0043109F /* CurveData.swift in Sources */,
				649F766728A735D3003CA6DC /* ContentData.swift in Sources */,
				64F5E13F28ADE37900033654 /* YoutubePlayerView.swift in Sources */,
				6437C0A028AA2CB300B7F29F /* PaginationData.swift in Sources */,
				649F763C28A733DF003CA6DC /* LoginView.swift in Sources */,
				6496719328A784E0000785B6 /* MessageData.swift in Sources */,
				64EB783F28A73A110043109F /* RequestData.swift in Sources */,
				64F5E14528AE0F0500033654 /* CurveInputView.swift in Sources */,
				649F763A28A733DF003CA6DC /* CarvideApp.swift in Sources */,
				649F766928A7365E003CA6DC /* ValueTypeData.swift in Sources */,
				6496719628A7E847000785B6 /* EmonotateAPIClient.swift in Sources */,
				64EB784128A73AE20043109F /* PointData.swift in Sources */,
			);
			runOnlyForDeploymentPostprocessing = 0;
		};
		649F764228A733E1003CA6DC /* Sources */ = {
			isa = PBXSourcesBuildPhase;
			buildActionMask = 2147483647;
			files = (
				649F764B28A733E1003CA6DC /* CarvideTests.swift in Sources */,
			);
			runOnlyForDeploymentPostprocessing = 0;
		};
		649F764C28A733E1003CA6DC /* Sources */ = {
			isa = PBXSourcesBuildPhase;
			buildActionMask = 2147483647;
			files = (
				649F765528A733E1003CA6DC /* CarvideUITests.swift in Sources */,
				649F765728A733E1003CA6DC /* CarvideUITestsLaunchTests.swift in Sources */,
			);
			runOnlyForDeploymentPostprocessing = 0;
		};
/* End PBXSourcesBuildPhase section */

/* Begin PBXTargetDependency section */
		649F764828A733E1003CA6DC /* PBXTargetDependency */ = {
			isa = PBXTargetDependency;
			target = 649F763528A733DF003CA6DC /* Carvide */;
			targetProxy = 649F764728A733E1003CA6DC /* PBXContainerItemProxy */;
		};
		649F765228A733E1003CA6DC /* PBXTargetDependency */ = {
			isa = PBXTargetDependency;
			target = 649F763528A733DF003CA6DC /* Carvide */;
			targetProxy = 649F765128A733E1003CA6DC /* PBXContainerItemProxy */;
		};
/* End PBXTargetDependency section */

/* Begin XCBuildConfiguration section */
		649F765828A733E1003CA6DC /* Debug */ = {
			isa = XCBuildConfiguration;
			buildSettings = {
				ALWAYS_SEARCH_USER_PATHS = NO;
				CLANG_ANALYZER_NONNULL = YES;
				CLANG_ANALYZER_NUMBER_OBJECT_CONVERSION = YES_AGGRESSIVE;
				CLANG_CXX_LANGUAGE_STANDARD = "gnu++17";
				CLANG_ENABLE_MODULES = YES;
				CLANG_ENABLE_OBJC_ARC = YES;
				CLANG_ENABLE_OBJC_WEAK = YES;
				CLANG_WARN_BLOCK_CAPTURE_AUTORELEASING = YES;
				CLANG_WARN_BOOL_CONVERSION = YES;
				CLANG_WARN_COMMA = YES;
				CLANG_WARN_CONSTANT_CONVERSION = YES;
				CLANG_WARN_DEPRECATED_OBJC_IMPLEMENTATIONS = YES;
				CLANG_WARN_DIRECT_OBJC_ISA_USAGE = YES_ERROR;
				CLANG_WARN_DOCUMENTATION_COMMENTS = YES;
				CLANG_WARN_EMPTY_BODY = YES;
				CLANG_WARN_ENUM_CONVERSION = YES;
				CLANG_WARN_INFINITE_RECURSION = YES;
				CLANG_WARN_INT_CONVERSION = YES;
				CLANG_WARN_NON_LITERAL_NULL_CONVERSION = YES;
				CLANG_WARN_OBJC_IMPLICIT_RETAIN_SELF = YES;
				CLANG_WARN_OBJC_LITERAL_CONVERSION = YES;
				CLANG_WARN_OBJC_ROOT_CLASS = YES_ERROR;
				CLANG_WARN_QUOTED_INCLUDE_IN_FRAMEWORK_HEADER = YES;
				CLANG_WARN_RANGE_LOOP_ANALYSIS = YES;
				CLANG_WARN_STRICT_PROTOTYPES = YES;
				CLANG_WARN_SUSPICIOUS_MOVE = YES;
				CLANG_WARN_UNGUARDED_AVAILABILITY = YES_AGGRESSIVE;
				CLANG_WARN_UNREACHABLE_CODE = YES;
				CLANG_WARN__DUPLICATE_METHOD_MATCH = YES;
				COPY_PHASE_STRIP = NO;
				DEBUG_INFORMATION_FORMAT = dwarf;
				ENABLE_STRICT_OBJC_MSGSEND = YES;
				ENABLE_TESTABILITY = YES;
				GCC_C_LANGUAGE_STANDARD = gnu11;
				GCC_DYNAMIC_NO_PIC = NO;
				GCC_NO_COMMON_BLOCKS = YES;
				GCC_OPTIMIZATION_LEVEL = 0;
				GCC_PREPROCESSOR_DEFINITIONS = (
					"DEBUG=1",
					"$(inherited)",
				);
				GCC_WARN_64_TO_32_BIT_CONVERSION = YES;
				GCC_WARN_ABOUT_RETURN_TYPE = YES_ERROR;
				GCC_WARN_UNDECLARED_SELECTOR = YES;
				GCC_WARN_UNINITIALIZED_AUTOS = YES_AGGRESSIVE;
				GCC_WARN_UNUSED_FUNCTION = YES;
				GCC_WARN_UNUSED_VARIABLE = YES;
				IPHONEOS_DEPLOYMENT_TARGET = 15.5;
				MTL_ENABLE_DEBUG_INFO = INCLUDE_SOURCE;
				MTL_FAST_MATH = YES;
				ONLY_ACTIVE_ARCH = YES;
				SDKROOT = iphoneos;
				SWIFT_ACTIVE_COMPILATION_CONDITIONS = DEBUG;
				SWIFT_OPTIMIZATION_LEVEL = "-Onone";
			};
			name = Debug;
		};
		649F765928A733E1003CA6DC /* Release */ = {
			isa = XCBuildConfiguration;
			buildSettings = {
				ALWAYS_SEARCH_USER_PATHS = NO;
				CLANG_ANALYZER_NONNULL = YES;
				CLANG_ANALYZER_NUMBER_OBJECT_CONVERSION = YES_AGGRESSIVE;
				CLANG_CXX_LANGUAGE_STANDARD = "gnu++17";
				CLANG_ENABLE_MODULES = YES;
				CLANG_ENABLE_OBJC_ARC = YES;
				CLANG_ENABLE_OBJC_WEAK = YES;
				CLANG_WARN_BLOCK_CAPTURE_AUTORELEASING = YES;
				CLANG_WARN_BOOL_CONVERSION = YES;
				CLANG_WARN_COMMA = YES;
				CLANG_WARN_CONSTANT_CONVERSION = YES;
				CLANG_WARN_DEPRECATED_OBJC_IMPLEMENTATIONS = YES;
				CLANG_WARN_DIRECT_OBJC_ISA_USAGE = YES_ERROR;
				CLANG_WARN_DOCUMENTATION_COMMENTS = YES;
				CLANG_WARN_EMPTY_BODY = YES;
				CLANG_WARN_ENUM_CONVERSION = YES;
				CLANG_WARN_INFINITE_RECURSION = YES;
				CLANG_WARN_INT_CONVERSION = YES;
				CLANG_WARN_NON_LITERAL_NULL_CONVERSION = YES;
				CLANG_WARN_OBJC_IMPLICIT_RETAIN_SELF = YES;
				CLANG_WARN_OBJC_LITERAL_CONVERSION = YES;
				CLANG_WARN_OBJC_ROOT_CLASS = YES_ERROR;
				CLANG_WARN_QUOTED_INCLUDE_IN_FRAMEWORK_HEADER = YES;
				CLANG_WARN_RANGE_LOOP_ANALYSIS = YES;
				CLANG_WARN_STRICT_PROTOTYPES = YES;
				CLANG_WARN_SUSPICIOUS_MOVE = YES;
				CLANG_WARN_UNGUARDED_AVAILABILITY = YES_AGGRESSIVE;
				CLANG_WARN_UNREACHABLE_CODE = YES;
				CLANG_WARN__DUPLICATE_METHOD_MATCH = YES;
				COPY_PHASE_STRIP = NO;
				DEBUG_INFORMATION_FORMAT = "dwarf-with-dsym";
				ENABLE_NS_ASSERTIONS = NO;
				ENABLE_STRICT_OBJC_MSGSEND = YES;
				GCC_C_LANGUAGE_STANDARD = gnu11;
				GCC_NO_COMMON_BLOCKS = YES;
				GCC_WARN_64_TO_32_BIT_CONVERSION = YES;
				GCC_WARN_ABOUT_RETURN_TYPE = YES_ERROR;
				GCC_WARN_UNDECLARED_SELECTOR = YES;
				GCC_WARN_UNINITIALIZED_AUTOS = YES_AGGRESSIVE;
				GCC_WARN_UNUSED_FUNCTION = YES;
				GCC_WARN_UNUSED_VARIABLE = YES;
				IPHONEOS_DEPLOYMENT_TARGET = 15.5;
				MTL_ENABLE_DEBUG_INFO = NO;
				MTL_FAST_MATH = YES;
				SDKROOT = iphoneos;
				SWIFT_COMPILATION_MODE = wholemodule;
				SWIFT_OPTIMIZATION_LEVEL = "-O";
				VALIDATE_PRODUCT = YES;
			};
			name = Release;
		};
		649F765B28A733E1003CA6DC /* Debug */ = {
			isa = XCBuildConfiguration;
			baseConfigurationReference = 27566E3983AF482A6DFD65E0 /* Pods-Carvide.debug.xcconfig */;
			buildSettings = {
				ASSETCATALOG_COMPILER_APPICON_NAME = AppIcon;
				ASSETCATALOG_COMPILER_GLOBAL_ACCENT_COLOR_NAME = AccentColor;
				CODE_SIGN_STYLE = Automatic;
				CURRENT_PROJECT_VERSION = 1;
				DEVELOPMENT_ASSET_PATHS = "\"Carvide/Preview Content\"";
				DEVELOPMENT_TEAM = PTHCQB8J66;
				ENABLE_PREVIEWS = YES;
				GENERATE_INFOPLIST_FILE = YES;
				INFOPLIST_FILE = Carvide/Info.plist;
				INFOPLIST_KEY_UIApplicationSceneManifest_Generation = YES;
				INFOPLIST_KEY_UIApplicationSupportsIndirectInputEvents = YES;
				INFOPLIST_KEY_UILaunchScreen_Generation = YES;
				INFOPLIST_KEY_UISupportedInterfaceOrientations_iPad = "UIInterfaceOrientationPortrait UIInterfaceOrientationPortraitUpsideDown UIInterfaceOrientationLandscapeLeft UIInterfaceOrientationLandscapeRight";
				INFOPLIST_KEY_UISupportedInterfaceOrientations_iPhone = "UIInterfaceOrientationPortrait UIInterfaceOrientationLandscapeLeft UIInterfaceOrientationLandscapeRight";
				LD_RUNPATH_SEARCH_PATHS = (
					"$(inherited)",
					"@executable_path/Frameworks",
				);
				MARKETING_VERSION = 1.0;
				PRODUCT_BUNDLE_IDENTIFIER = com.tombeecreation.Carvide;
				PRODUCT_NAME = "$(TARGET_NAME)";
				SWIFT_EMIT_LOC_STRINGS = YES;
				SWIFT_VERSION = 5.0;
				TARGETED_DEVICE_FAMILY = "1,2";
			};
			name = Debug;
		};
		649F765C28A733E1003CA6DC /* Release */ = {
			isa = XCBuildConfiguration;
			baseConfigurationReference = C716A7F5397C1FDD0274D586 /* Pods-Carvide.release.xcconfig */;
			buildSettings = {
				ASSETCATALOG_COMPILER_APPICON_NAME = AppIcon;
				ASSETCATALOG_COMPILER_GLOBAL_ACCENT_COLOR_NAME = AccentColor;
				CODE_SIGN_STYLE = Automatic;
				CURRENT_PROJECT_VERSION = 1;
				DEVELOPMENT_ASSET_PATHS = "\"Carvide/Preview Content\"";
				DEVELOPMENT_TEAM = PTHCQB8J66;
				ENABLE_PREVIEWS = YES;
				GENERATE_INFOPLIST_FILE = YES;
				INFOPLIST_FILE = Carvide/Info.plist;
				INFOPLIST_KEY_UIApplicationSceneManifest_Generation = YES;
				INFOPLIST_KEY_UIApplicationSupportsIndirectInputEvents = YES;
				INFOPLIST_KEY_UILaunchScreen_Generation = YES;
				INFOPLIST_KEY_UISupportedInterfaceOrientations_iPad = "UIInterfaceOrientationPortrait UIInterfaceOrientationPortraitUpsideDown UIInterfaceOrientationLandscapeLeft UIInterfaceOrientationLandscapeRight";
				INFOPLIST_KEY_UISupportedInterfaceOrientations_iPhone = "UIInterfaceOrientationPortrait UIInterfaceOrientationLandscapeLeft UIInterfaceOrientationLandscapeRight";
				LD_RUNPATH_SEARCH_PATHS = (
					"$(inherited)",
					"@executable_path/Frameworks",
				);
				MARKETING_VERSION = 1.0;
				PRODUCT_BUNDLE_IDENTIFIER = com.tombeecreation.Carvide;
				PRODUCT_NAME = "$(TARGET_NAME)";
				SWIFT_EMIT_LOC_STRINGS = YES;
				SWIFT_VERSION = 5.0;
				TARGETED_DEVICE_FAMILY = "1,2";
			};
			name = Release;
		};
		649F765E28A733E1003CA6DC /* Debug */ = {
			isa = XCBuildConfiguration;
			baseConfigurationReference = ED76D3F42248FC88B2ECDC3A /* Pods-CarvideTests.debug.xcconfig */;
			buildSettings = {
				ALWAYS_EMBED_SWIFT_STANDARD_LIBRARIES = YES;
				BUNDLE_LOADER = "$(TEST_HOST)";
				CODE_SIGN_STYLE = Automatic;
				CURRENT_PROJECT_VERSION = 1;
				DEVELOPMENT_TEAM = PTHCQB8J66;
				GENERATE_INFOPLIST_FILE = YES;
				IPHONEOS_DEPLOYMENT_TARGET = 15.5;
				MARKETING_VERSION = 1.0;
				PRODUCT_BUNDLE_IDENTIFIER = com.tombeecreation.CarvideTests;
				PRODUCT_NAME = "$(TARGET_NAME)";
				SWIFT_EMIT_LOC_STRINGS = NO;
				SWIFT_VERSION = 5.0;
				TARGETED_DEVICE_FAMILY = "1,2";
				TEST_HOST = "$(BUILT_PRODUCTS_DIR)/Carvide.app/Carvide";
			};
			name = Debug;
		};
		649F765F28A733E1003CA6DC /* Release */ = {
			isa = XCBuildConfiguration;
			baseConfigurationReference = 947209C8CA8D99A5BF73456D /* Pods-CarvideTests.release.xcconfig */;
			buildSettings = {
				ALWAYS_EMBED_SWIFT_STANDARD_LIBRARIES = YES;
				BUNDLE_LOADER = "$(TEST_HOST)";
				CODE_SIGN_STYLE = Automatic;
				CURRENT_PROJECT_VERSION = 1;
				DEVELOPMENT_TEAM = PTHCQB8J66;
				GENERATE_INFOPLIST_FILE = YES;
				IPHONEOS_DEPLOYMENT_TARGET = 15.5;
				MARKETING_VERSION = 1.0;
				PRODUCT_BUNDLE_IDENTIFIER = com.tombeecreation.CarvideTests;
				PRODUCT_NAME = "$(TARGET_NAME)";
				SWIFT_EMIT_LOC_STRINGS = NO;
				SWIFT_VERSION = 5.0;
				TARGETED_DEVICE_FAMILY = "1,2";
				TEST_HOST = "$(BUILT_PRODUCTS_DIR)/Carvide.app/Carvide";
			};
			name = Release;
		};
		649F766128A733E1003CA6DC /* Debug */ = {
			isa = XCBuildConfiguration;
			baseConfigurationReference = 5E736E1FE48BB80DA78210EB /* Pods-Carvide-CarvideUITests.debug.xcconfig */;
			buildSettings = {
				ALWAYS_EMBED_SWIFT_STANDARD_LIBRARIES = YES;
				CODE_SIGN_STYLE = Automatic;
				CURRENT_PROJECT_VERSION = 1;
				DEVELOPMENT_TEAM = PTHCQB8J66;
				GENERATE_INFOPLIST_FILE = YES;
				MARKETING_VERSION = 1.0;
				PRODUCT_BUNDLE_IDENTIFIER = com.tombeecreation.CarvideUITests;
				PRODUCT_NAME = "$(TARGET_NAME)";
				SWIFT_EMIT_LOC_STRINGS = NO;
				SWIFT_VERSION = 5.0;
				TARGETED_DEVICE_FAMILY = "1,2";
				TEST_TARGET_NAME = Carvide;
			};
			name = Debug;
		};
		649F766228A733E1003CA6DC /* Release */ = {
			isa = XCBuildConfiguration;
			baseConfigurationReference = D35BB6FEA06C6787FD4D1632 /* Pods-Carvide-CarvideUITests.release.xcconfig */;
			buildSettings = {
				ALWAYS_EMBED_SWIFT_STANDARD_LIBRARIES = YES;
				CODE_SIGN_STYLE = Automatic;
				CURRENT_PROJECT_VERSION = 1;
				DEVELOPMENT_TEAM = PTHCQB8J66;
				GENERATE_INFOPLIST_FILE = YES;
				MARKETING_VERSION = 1.0;
				PRODUCT_BUNDLE_IDENTIFIER = com.tombeecreation.CarvideUITests;
				PRODUCT_NAME = "$(TARGET_NAME)";
				SWIFT_EMIT_LOC_STRINGS = NO;
				SWIFT_VERSION = 5.0;
				TARGETED_DEVICE_FAMILY = "1,2";
				TEST_TARGET_NAME = Carvide;
			};
			name = Release;
		};
/* End XCBuildConfiguration section */

/* Begin XCConfigurationList section */
		649F763128A733DF003CA6DC /* Build configuration list for PBXProject "Carvide" */ = {
			isa = XCConfigurationList;
			buildConfigurations = (
				649F765828A733E1003CA6DC /* Debug */,
				649F765928A733E1003CA6DC /* Release */,
			);
			defaultConfigurationIsVisible = 0;
			defaultConfigurationName = Release;
		};
		649F765A28A733E1003CA6DC /* Build configuration list for PBXNativeTarget "Carvide" */ = {
			isa = XCConfigurationList;
			buildConfigurations = (
				649F765B28A733E1003CA6DC /* Debug */,
				649F765C28A733E1003CA6DC /* Release */,
			);
			defaultConfigurationIsVisible = 0;
			defaultConfigurationName = Release;
		};
		649F765D28A733E1003CA6DC /* Build configuration list for PBXNativeTarget "CarvideTests" */ = {
			isa = XCConfigurationList;
			buildConfigurations = (
				649F765E28A733E1003CA6DC /* Debug */,
				649F765F28A733E1003CA6DC /* Release */,
			);
			defaultConfigurationIsVisible = 0;
			defaultConfigurationName = Release;
		};
		649F766028A733E1003CA6DC /* Build configuration list for PBXNativeTarget "CarvideUITests" */ = {
			isa = XCConfigurationList;
			buildConfigurations = (
				649F766128A733E1003CA6DC /* Debug */,
				649F766228A733E1003CA6DC /* Release */,
			);
			defaultConfigurationIsVisible = 0;
			defaultConfigurationName = Release;
		};
/* End XCConfigurationList section */
	};
	rootObject = 649F762E28A733DF003CA6DC /* Project object */;
}
